// !$*UTF8*$!
{
	archiveVersion = 1;
	classes = {
	};
	objectVersion = 50;
	objects = {

/* Begin PBXBuildFile section */
		5AA7D8EF248983B2001C76CA /* AppDelegate.swift in Sources */ = {isa = PBXBuildFile; fileRef = 5AA7D8EE248983B2001C76CA /* AppDelegate.swift */; };
		5AA7D8F1248983B2001C76CA /* SceneDelegate.swift in Sources */ = {isa = PBXBuildFile; fileRef = 5AA7D8F0248983B2001C76CA /* SceneDelegate.swift */; };
		5AA7D8F3248983B2001C76CA /* ViewController.swift in Sources */ = {isa = PBXBuildFile; fileRef = 5AA7D8F2248983B2001C76CA /* ViewController.swift */; };
		5AA7D8F6248983B2001C76CA /* Main.storyboard in Resources */ = {isa = PBXBuildFile; fileRef = 5AA7D8F4248983B2001C76CA /* Main.storyboard */; };
		5AA7D8F8248983B4001C76CA /* Assets.xcassets in Resources */ = {isa = PBXBuildFile; fileRef = 5AA7D8F7248983B4001C76CA /* Assets.xcassets */; };
		5AA7D8FB248983B4001C76CA /* LaunchScreen.storyboard in Resources */ = {isa = PBXBuildFile; fileRef = 5AA7D8F9248983B4001C76CA /* LaunchScreen.storyboard */; };
		5AA7D906248983B4001C76CA /* WordsAsTagLabelsTests.swift in Sources */ = {isa = PBXBuildFile; fileRef = 5AA7D905248983B4001C76CA /* WordsAsTagLabelsTests.swift */; };
		5AA7D911248983B4001C76CA /* WordsAsTagLabelsUITests.swift in Sources */ = {isa = PBXBuildFile; fileRef = 5AA7D910248983B4001C76CA /* WordsAsTagLabelsUITests.swift */; };
		5AA7D91F24898461001C76CA /* TagFactory.swift in Sources */ = {isa = PBXBuildFile; fileRef = 5AA7D91E24898461001C76CA /* TagFactory.swift */; };
/* End PBXBuildFile section */

/* Begin PBXContainerItemProxy section */
		5AA7D902248983B4001C76CA /* PBXContainerItemProxy */ = {
			isa = PBXContainerItemProxy;
			containerPortal = 5AA7D8E3248983B2001C76CA /* Project object */;
			proxyType = 1;
			remoteGlobalIDString = 5AA7D8EA248983B2001C76CA;
			remoteInfo = WordsAsTagLabels;
		};
		5AA7D90D248983B4001C76CA /* PBXContainerItemProxy */ = {
			isa = PBXContainerItemProxy;
			containerPortal = 5AA7D8E3248983B2001C76CA /* Project object */;
			proxyType = 1;
			remoteGlobalIDString = 5AA7D8EA248983B2001C76CA;
			remoteInfo = WordsAsTagLabels;
		};
/* End PBXContainerItemProxy section */

/* Begin PBXFileReference section */
		5AA7D8EB248983B2001C76CA /* WordsAsTagLabels.app */ = {isa = PBXFileReference; explicitFileType = wrapper.application; includeInIndex = 0; path = WordsAsTagLabels.app; sourceTree = BUILT_PRODUCTS_DIR; };
		5AA7D8EE248983B2001C76CA /* AppDelegate.swift */ = {isa = PBXFileReference; lastKnownFileType = sourcecode.swift; path = AppDelegate.swift; sourceTree = "<group>"; };
		5AA7D8F0248983B2001C76CA /* SceneDelegate.swift */ = {isa = PBXFileReference; lastKnownFileType = sourcecode.swift; path = SceneDelegate.swift; sourceTree = "<group>"; };
		5AA7D8F2248983B2001C76CA /* ViewController.swift */ = {isa = PBXFileReference; lastKnownFileType = sourcecode.swift; path = ViewController.swift; sourceTree = "<group>"; };
		5AA7D8F5248983B2001C76CA /* Base */ = {isa = PBXFileReference; lastKnownFileType = file.storyboard; name = Base; path = Base.lproj/Main.storyboard; sourceTree = "<group>"; };
		5AA7D8F7248983B4001C76CA /* Assets.xcassets */ = {isa = PBXFileReference; lastKnownFileType = folder.assetcatalog; path = Assets.xcassets; sourceTree = "<group>"; };
		5AA7D8FA248983B4001C76CA /* Base */ = {isa = PBXFileReference; lastKnownFileType = file.storyboard; name = Base; path = Base.lproj/LaunchScreen.storyboard; sourceTree = "<group>"; };
		5AA7D8FC248983B4001C76CA /* Info.plist */ = {isa = PBXFileReference; lastKnownFileType = text.plist.xml; path = Info.plist; sourceTree = "<group>"; };
		5AA7D901248983B4001C76CA /* WordsAsTagLabelsTests.xctest */ = {isa = PBXFileReference; explicitFileType = wrapper.cfbundle; includeInIndex = 0; path = WordsAsTagLabelsTests.xctest; sourceTree = BUILT_PRODUCTS_DIR; };
		5AA7D905248983B4001C76CA /* WordsAsTagLabelsTests.swift */ = {isa = PBXFileReference; lastKnownFileType = sourcecode.swift; path = WordsAsTagLabelsTests.swift; sourceTree = "<group>"; };
		5AA7D907248983B4001C76CA /* Info.plist */ = {isa = PBXFileReference; lastKnownFileType = text.plist.xml; path = Info.plist; sourceTree = "<group>"; };
		5AA7D90C248983B4001C76CA /* WordsAsTagLabelsUITests.xctest */ = {isa = PBXFileReference; explicitFileType = wrapper.cfbundle; includeInIndex = 0; path = WordsAsTagLabelsUITests.xctest; sourceTree = BUILT_PRODUCTS_DIR; };
		5AA7D910248983B4001C76CA /* WordsAsTagLabelsUITests.swift */ = {isa = PBXFileReference; lastKnownFileType = sourcecode.swift; path = WordsAsTagLabelsUITests.swift; sourceTree = "<group>"; };
		5AA7D912248983B4001C76CA /* Info.plist */ = {isa = PBXFileReference; lastKnownFileType = text.plist.xml; path = Info.plist; sourceTree = "<group>"; };
		5AA7D91E24898461001C76CA /* TagFactory.swift */ = {isa = PBXFileReference; lastKnownFileType = sourcecode.swift; path = TagFactory.swift; sourceTree = "<group>"; };
/* End PBXFileReference section */

/* Begin PBXFrameworksBuildPhase section */
		5AA7D8E8248983B2001C76CA /* Frameworks */ = {
			isa = PBXFrameworksBuildPhase;
			buildActionMask = 2147483647;
			files = (
			);
			runOnlyForDeploymentPostprocessing = 0;
		};
		5AA7D8FE248983B4001C76CA /* Frameworks */ = {
			isa = PBXFrameworksBuildPhase;
			buildActionMask = 2147483647;
			files = (
			);
			runOnlyForDeploymentPostprocessing = 0;
		};
		5AA7D909248983B4001C76CA /* Frameworks */ = {
			isa = PBXFrameworksBuildPhase;
			buildActionMask = 2147483647;
			files = (
			);
			runOnlyForDeploymentPostprocessing = 0;
		};
/* End PBXFrameworksBuildPhase section */

/* Begin PBXGroup section */
		5AA7D8E2248983B2001C76CA = {
			isa = PBXGroup;
			children = (
				5AA7D8ED248983B2001C76CA /* WordsAsTagLabels */,
				5AA7D904248983B4001C76CA /* WordsAsTagLabelsTests */,
				5AA7D90F248983B4001C76CA /* WordsAsTagLabelsUITests */,
				5AA7D8EC248983B2001C76CA /* Products */,
			);
			sourceTree = "<group>";
		};
		5AA7D8EC248983B2001C76CA /* Products */ = {
			isa = PBXGroup;
			children = (
				5AA7D8EB248983B2001C76CA /* WordsAsTagLabels.app */,
				5AA7D901248983B4001C76CA /* WordsAsTagLabelsTests.xctest */,
				5AA7D90C248983B4001C76CA /* WordsAsTagLabelsUITests.xctest */,
			);
			name = Products;
			sourceTree = "<group>";
		};
		5AA7D8ED248983B2001C76CA /* WordsAsTagLabels */ = {
			isa = PBXGroup;
			children = (
				5AA7D8EE248983B2001C76CA /* AppDelegate.swift */,
				5AA7D8F0248983B2001C76CA /* SceneDelegate.swift */,
				5AA7D8F2248983B2001C76CA /* ViewController.swift */,
				5AA7D91E24898461001C76CA /* TagFactory.swift */,
				5AA7D8F4248983B2001C76CA /* Main.storyboard */,
				5AA7D8F7248983B4001C76CA /* Assets.xcassets */,
				5AA7D8F9248983B4001C76CA /* LaunchScreen.storyboard */,
				5AA7D8FC248983B4001C76CA /* Info.plist */,
			);
			path = WordsAsTagLabels;
			sourceTree = "<group>";
		};
		5AA7D904248983B4001C76CA /* WordsAsTagLabelsTests */ = {
			isa = PBXGroup;
			children = (
				5AA7D905248983B4001C76CA /* WordsAsTagLabelsTests.swift */,
				5AA7D907248983B4001C76CA /* Info.plist */,
			);
			path = WordsAsTagLabelsTests;
			sourceTree = "<group>";
		};
		5AA7D90F248983B4001C76CA /* WordsAsTagLabelsUITests */ = {
			isa = PBXGroup;
			children = (
				5AA7D910248983B4001C76CA /* WordsAsTagLabelsUITests.swift */,
				5AA7D912248983B4001C76CA /* Info.plist */,
			);
			path = WordsAsTagLabelsUITests;
			sourceTree = "<group>";
		};
/* End PBXGroup section */

/* Begin PBXNativeTarget section */
		5AA7D8EA248983B2001C76CA /* WordsAsTagLabels */ = {
			isa = PBXNativeTarget;
			buildConfigurationList = 5AA7D915248983B4001C76CA /* Build configuration list for PBXNativeTarget "WordsAsTagLabels" */;
			buildPhases = (
				5AA7D8E7248983B2001C76CA /* Sources */,
				5AA7D8E8248983B2001C76CA /* Frameworks */,
				5AA7D8E9248983B2001C76CA /* Resources */,
			);
			buildRules = (
			);
			dependencies = (
			);
			name = WordsAsTagLabels;
			productName = WordsAsTagLabels;
			productReference = 5AA7D8EB248983B2001C76CA /* WordsAsTagLabels.app */;
			productType = "com.apple.product-type.application";
		};
		5AA7D900248983B4001C76CA /* WordsAsTagLabelsTests */ = {
			isa = PBXNativeTarget;
			buildConfigurationList = 5AA7D918248983B4001C76CA /* Build configuration list for PBXNativeTarget "WordsAsTagLabelsTests" */;
			buildPhases = (
				5AA7D8FD248983B4001C76CA /* Sources */,
				5AA7D8FE248983B4001C76CA /* Frameworks */,
				5AA7D8FF248983B4001C76CA /* Resources */,
			);
			buildRules = (
			);
			dependencies = (
				5AA7D903248983B4001C76CA /* PBXTargetDependency */,
			);
			name = WordsAsTagLabelsTests;
			productName = WordsAsTagLabelsTests;
			productReference = 5AA7D901248983B4001C76CA /* WordsAsTagLabelsTests.xctest */;
			productType = "com.apple.product-type.bundle.unit-test";
		};
		5AA7D90B248983B4001C76CA /* WordsAsTagLabelsUITests */ = {
			isa = PBXNativeTarget;
			buildConfigurationList = 5AA7D91B248983B4001C76CA /* Build configuration list for PBXNativeTarget "WordsAsTagLabelsUITests" */;
			buildPhases = (
				5AA7D908248983B4001C76CA /* Sources */,
				5AA7D909248983B4001C76CA /* Frameworks */,
				5AA7D90A248983B4001C76CA /* Resources */,
			);
			buildRules = (
			);
			dependencies = (
				5AA7D90E248983B4001C76CA /* PBXTargetDependency */,
			);
			name = WordsAsTagLabelsUITests;
			productName = WordsAsTagLabelsUITests;
			productReference = 5AA7D90C248983B4001C76CA /* WordsAsTagLabelsUITests.xctest */;
			productType = "com.apple.product-type.bundle.ui-testing";
		};
/* End PBXNativeTarget section */

/* Begin PBXProject section */
		5AA7D8E3248983B2001C76CA /* Project object */ = {
			isa = PBXProject;
			attributes = {
				LastSwiftUpdateCheck = 1150;
				LastUpgradeCheck = 1150;
				ORGANIZATIONNAME = com.vivatum;
				TargetAttributes = {
					5AA7D8EA248983B2001C76CA = {
						CreatedOnToolsVersion = 11.5;
					};
					5AA7D900248983B4001C76CA = {
						CreatedOnToolsVersion = 11.5;
						TestTargetID = 5AA7D8EA248983B2001C76CA;
					};
					5AA7D90B248983B4001C76CA = {
						CreatedOnToolsVersion = 11.5;
						TestTargetID = 5AA7D8EA248983B2001C76CA;
					};
				};
			};
			buildConfigurationList = 5AA7D8E6248983B2001C76CA /* Build configuration list for PBXProject "WordsAsTagLabels" */;
			compatibilityVersion = "Xcode 9.3";
			developmentRegion = en;
			hasScannedForEncodings = 0;
			knownRegions = (
				en,
				Base,
			);
			mainGroup = 5AA7D8E2248983B2001C76CA;
			productRefGroup = 5AA7D8EC248983B2001C76CA /* Products */;
			projectDirPath = "";
			projectRoot = "";
			targets = (
				5AA7D8EA248983B2001C76CA /* WordsAsTagLabels */,
				5AA7D900248983B4001C76CA /* WordsAsTagLabelsTests */,
				5AA7D90B248983B4001C76CA /* WordsAsTagLabelsUITests */,
			);
		};
/* End PBXProject section */

/* Begin PBXResourcesBuildPhase section */
		5AA7D8E9248983B2001C76CA /* Resources */ = {
			isa = PBXResourcesBuildPhase;
			buildActionMask = 2147483647;
			files = (
				5AA7D8FB248983B4001C76CA /* LaunchScreen.storyboard in Resources */,
				5AA7D8F8248983B4001C76CA /* Assets.xcassets in Resources */,
				5AA7D8F6248983B2001C76CA /* Main.storyboard in Resources */,
			);
			runOnlyForDeploymentPostprocessing = 0;
		};
		5AA7D8FF248983B4001C76CA /* Resources */ = {
			isa = PBXResourcesBuildPhase;
			buildActionMask = 2147483647;
			files = (
			);
			runOnlyForDeploymentPostprocessing = 0;
		};
		5AA7D90A248983B4001C76CA /* Resources */ = {
			isa = PBXResourcesBuildPhase;
			buildActionMask = 2147483647;
			files = (
			);
			runOnlyForDeploymentPostprocessing = 0;
		};
/* End PBXResourcesBuildPhase section */

/* Begin PBXSourcesBuildPhase section */
		5AA7D8E7248983B2001C76CA /* Sources */ = {
			isa = PBXSourcesBuildPhase;
			buildActionMask = 2147483647;
			files = (
				5AA7D91F24898461001C76CA /* TagFactory.swift in Sources */,
				5AA7D8F3248983B2001C76CA /* ViewController.swift in Sources */,
				5AA7D8EF248983B2001C76CA /* AppDelegate.swift in Sources */,
				5AA7D8F1248983B2001C76CA /* SceneDelegate.swift in Sources */,
			);
			runOnlyForDeploymentPostprocessing = 0;
		};
		5AA7D8FD248983B4001C76CA /* Sources */ = {
			isa = PBXSourcesBuildPhase;
			buildActionMask = 2147483647;
			files = (
				5AA7D906248983B4001C76CA /* WordsAsTagLabelsTests.swift in Sources */,
			);
			runOnlyForDeploymentPostprocessing = 0;
		};
		5AA7D908248983B4001C76CA /* Sources */ = {
			isa = PBXSourcesBuildPhase;
			buildActionMask = 2147483647;
			files = (
				5AA7D911248983B4001C76CA /* WordsAsTagLabelsUITests.swift in Sources */,
			);
			runOnlyForDeploymentPostprocessing = 0;
		};
/* End PBXSourcesBuildPhase section */

/* Begin PBXTargetDependency section */
		5AA7D903248983B4001C76CA /* PBXTargetDependency */ = {
			isa = PBXTargetDependency;
			target = 5AA7D8EA248983B2001C76CA /* WordsAsTagLabels */;
			targetProxy = 5AA7D902248983B4001C76CA /* PBXContainerItemProxy */;
		};
		5AA7D90E248983B4001C76CA /* PBXTargetDependency */ = {
			isa = PBXTargetDependency;
			target = 5AA7D8EA248983B2001C76CA /* WordsAsTagLabels */;
			targetProxy = 5AA7D90D248983B4001C76CA /* PBXContainerItemProxy */;
		};
/* End PBXTargetDependency section */

/* Begin PBXVariantGroup section */
		5AA7D8F4248983B2001C76CA /* Main.storyboard */ = {
			isa = PBXVariantGroup;
			children = (
				5AA7D8F5248983B2001C76CA /* Base */,
			);
			name = Main.storyboard;
			sourceTree = "<group>";
		};
		5AA7D8F9248983B4001C76CA /* LaunchScreen.storyboard */ = {
			isa = PBXVariantGroup;
			children = (
				5AA7D8FA248983B4001C76CA /* Base */,
			);
			name = LaunchScreen.storyboard;
			sourceTree = "<group>";
		};
/* End PBXVariantGroup section */

/* Begin XCBuildConfiguration section */
		5AA7D913248983B4001C76CA /* Debug */ = {
			isa = XCBuildConfiguration;
			buildSettings = {
				ALWAYS_SEARCH_USER_PATHS = NO;
				CLANG_ANALYZER_NONNULL = YES;
				CLANG_ANALYZER_NUMBER_OBJECT_CONVERSION = YES_AGGRESSIVE;
				CLANG_CXX_LANGUAGE_STANDARD = "gnu++14";
				CLANG_CXX_LIBRARY = "libc++";
				CLANG_ENABLE_MODULES = YES;
				CLANG_ENABLE_OBJC_ARC = YES;
				CLANG_ENABLE_OBJC_WEAK = YES;
				CLANG_WARN_BLOCK_CAPTURE_AUTORELEASING = YES;
				CLANG_WARN_BOOL_CONVERSION = YES;
				CLANG_WARN_COMMA = YES;
				CLANG_WARN_CONSTANT_CONVERSION = YES;
				CLANG_WARN_DEPRECATED_OBJC_IMPLEMENTATIONS = YES;
				CLANG_WARN_DIRECT_OBJC_ISA_USAGE = YES_ERROR;
				CLANG_WARN_DOCUMENTATION_COMMENTS = YES;
				CLANG_WARN_EMPTY_BODY = YES;
				CLANG_WARN_ENUM_CONVERSION = YES;
				CLANG_WARN_INFINITE_RECURSION = YES;
				CLANG_WARN_INT_CONVERSION = YES;
				CLANG_WARN_NON_LITERAL_NULL_CONVERSION = YES;
				CLANG_WARN_OBJC_IMPLICIT_RETAIN_SELF = YES;
				CLANG_WARN_OBJC_LITERAL_CONVERSION = YES;
				CLANG_WARN_OBJC_ROOT_CLASS = YES_ERROR;
				CLANG_WARN_RANGE_LOOP_ANALYSIS = YES;
				CLANG_WARN_STRICT_PROTOTYPES = YES;
				CLANG_WARN_SUSPICIOUS_MOVE = YES;
				CLANG_WARN_UNGUARDED_AVAILABILITY = YES_AGGRESSIVE;
				CLANG_WARN_UNREACHABLE_CODE = YES;
				CLANG_WARN__DUPLICATE_METHOD_MATCH = YES;
				COPY_PHASE_STRIP = NO;
				DEBUG_INFORMATION_FORMAT = dwarf;
				ENABLE_STRICT_OBJC_MSGSEND = YES;
				ENABLE_TESTABILITY = YES;
				GCC_C_LANGUAGE_STANDARD = gnu11;
				GCC_DYNAMIC_NO_PIC = NO;
				GCC_NO_COMMON_BLOCKS = YES;
				GCC_OPTIMIZATION_LEVEL = 0;
				GCC_PREPROCESSOR_DEFINITIONS = (
					"DEBUG=1",
					"$(inherited)",
				);
				GCC_WARN_64_TO_32_BIT_CONVERSION = YES;
				GCC_WARN_ABOUT_RETURN_TYPE = YES_ERROR;
				GCC_WARN_UNDECLARED_SELECTOR = YES;
				GCC_WARN_UNINITIALIZED_AUTOS = YES_AGGRESSIVE;
				GCC_WARN_UNUSED_FUNCTION = YES;
				GCC_WARN_UNUSED_VARIABLE = YES;
				IPHONEOS_DEPLOYMENT_TARGET = 13.5;
				MTL_ENABLE_DEBUG_INFO = INCLUDE_SOURCE;
				MTL_FAST_MATH = YES;
				ONLY_ACTIVE_ARCH = YES;
				SDKROOT = iphoneos;
				SWIFT_ACTIVE_COMPILATION_CONDITIONS = DEBUG;
				SWIFT_OPTIMIZATION_LEVEL = "-Onone";
			};
			name = Debug;
		};
		5AA7D914248983B4001C76CA /* Release */ = {
			isa = XCBuildConfiguration;
			buildSettings = {
				ALWAYS_SEARCH_USER_PATHS = NO;
				CLANG_ANALYZER_NONNULL = YES;
				CLANG_ANALYZER_NUMBER_OBJECT_CONVERSION = YES_AGGRESSIVE;
				CLANG_CXX_LANGUAGE_STANDARD = "gnu++14";
				CLANG_CXX_LIBRARY = "libc++";
				CLANG_ENABLE_MODULES = YES;
				CLANG_ENABLE_OBJC_ARC = YES;
				CLANG_ENABLE_OBJC_WEAK = YES;
				CLANG_WARN_BLOCK_CAPTURE_AUTORELEASING = YES;
				CLANG_WARN_BOOL_CONVERSION = YES;
				CLANG_WARN_COMMA = YES;
				CLANG_WARN_CONSTANT_CONVERSION = YES;
				CLANG_WARN_DEPRECATED_OBJC_IMPLEMENTATIONS = YES;
				CLANG_WARN_DIRECT_OBJC_ISA_USAGE = YES_ERROR;
				CLANG_WARN_DOCUMENTATION_COMMENTS = YES;
				CLANG_WARN_EMPTY_BODY = YES;
				CLANG_WARN_ENUM_CONVERSION = YES;
				CLANG_WARN_INFINITE_RECURSION = YES;
				CLANG_WARN_INT_CONVERSION = YES;
				CLANG_WARN_NON_LITERAL_NULL_CONVERSION = YES;
				CLANG_WARN_OBJC_IMPLICIT_RETAIN_SELF = YES;
				CLANG_WARN_OBJC_LITERAL_CONVERSION = YES;
				CLANG_WARN_OBJC_ROOT_CLASS = YES_ERROR;
				CLANG_WARN_RANGE_LOOP_ANALYSIS = YES;
				CLANG_WARN_STRICT_PROTOTYPES = YES;
				CLANG_WARN_SUSPICIOUS_MOVE = YES;
				CLANG_WARN_UNGUARDED_AVAILABILITY = YES_AGGRESSIVE;
				CLANG_WARN_UNREACHABLE_CODE = YES;
				CLANG_WARN__DUPLICATE_METHOD_MATCH = YES;
				COPY_PHASE_STRIP = NO;
				DEBUG_INFORMATION_FORMAT = "dwarf-with-dsym";
				ENABLE_NS_ASSERTIONS = NO;
				ENABLE_STRICT_OBJC_MSGSEND = YES;
				GCC_C_LANGUAGE_STANDARD = gnu11;
				GCC_NO_COMMON_BLOCKS = YES;
				GCC_WARN_64_TO_32_BIT_CONVERSION = YES;
				GCC_WARN_ABOUT_RETURN_TYPE = YES_ERROR;
				GCC_WARN_UNDECLARED_SELECTOR = YES;
				GCC_WARN_UNINITIALIZED_AUTOS = YES_AGGRESSIVE;
				GCC_WARN_UNUSED_FUNCTION = YES;
				GCC_WARN_UNUSED_VARIABLE = YES;
				IPHONEOS_DEPLOYMENT_TARGET = 13.5;
				MTL_ENABLE_DEBUG_INFO = NO;
				MTL_FAST_MATH = YES;
				SDKROOT = iphoneos;
				SWIFT_COMPILATION_MODE = wholemodule;
				SWIFT_OPTIMIZATION_LEVEL = "-O";
				VALIDATE_PRODUCT = YES;
			};
			name = Release;
		};
		5AA7D916248983B4001C76CA /* Debug */ = {
			isa = XCBuildConfiguration;
			buildSettings = {
				ASSETCATALOG_COMPILER_APPICON_NAME = AppIcon;
				CODE_SIGN_STYLE = Automatic;
				DEVELOPMENT_TEAM = 3343F38GWV;
				INFOPLIST_FILE = WordsAsTagLabels/Info.plist;
				LD_RUNPATH_SEARCH_PATHS = (
					"$(inherited)",
					"@executable_path/Frameworks",
				);
				PRODUCT_BUNDLE_IDENTIFIER = com.vivatum.WordsAsTagLabels;
				PRODUCT_NAME = "$(TARGET_NAME)";
				SWIFT_VERSION = 5.0;
				TARGETED_DEVICE_FAMILY = "1,2";
			};
			name = Debug;
		};
		5AA7D917248983B4001C76CA /* Release */ = {
			isa = XCBuildConfiguration;
			buildSettings = {
				ASSETCATALOG_COMPILER_APPICON_NAME = AppIcon;
				CODE_SIGN_STYLE = Automatic;
				DEVELOPMENT_TEAM = 3343F38GWV;
				INFOPLIST_FILE = WordsAsTagLabels/Info.plist;
				LD_RUNPATH_SEARCH_PATHS = (
					"$(inherited)",
					"@executable_path/Frameworks",
				);
				PRODUCT_BUNDLE_IDENTIFIER = com.vivatum.WordsAsTagLabels;
				PRODUCT_NAME = "$(TARGET_NAME)";
				SWIFT_VERSION = 5.0;
				TARGETED_DEVICE_FAMILY = "1,2";
			};
			name = Release;
		};
		5AA7D919248983B4001C76CA /* Debug */ = {
			isa = XCBuildConfiguration;
			buildSettings = {
				ALWAYS_EMBED_SWIFT_STANDARD_LIBRARIES = YES;
				BUNDLE_LOADER = "$(TEST_HOST)";
				CODE_SIGN_STYLE = Automatic;
				DEVELOPMENT_TEAM = 3343F38GWV;
				INFOPLIST_FILE = WordsAsTagLabelsTests/Info.plist;
				IPHONEOS_DEPLOYMENT_TARGET = 13.5;
				LD_RUNPATH_SEARCH_PATHS = (
					"$(inherited)",
					"@executable_path/Frameworks",
					"@loader_path/Frameworks",
				);
				PRODUCT_BUNDLE_IDENTIFIER = com.vivatum.WordsAsTagLabelsTests;
				PRODUCT_NAME = "$(TARGET_NAME)";
				SWIFT_VERSION = 5.0;
				TARGETED_DEVICE_FAMILY = "1,2";
				TEST_HOST = "$(BUILT_PRODUCTS_DIR)/WordsAsTagLabels.app/WordsAsTagLabels";
			};
			name = Debug;
		};
		5AA7D91A248983B4001C76CA /* Release */ = {
			isa = XCBuildConfiguration;
			buildSettings = {
				ALWAYS_EMBED_SWIFT_STANDARD_LIBRARIES = YES;
				BUNDLE_LOADER = "$(TEST_HOST)";
				CODE_SIGN_STYLE = Automatic;
				DEVELOPMENT_TEAM = 3343F38GWV;
				INFOPLIST_FILE = WordsAsTagLabelsTests/Info.plist;
				IPHONEOS_DEPLOYMENT_TARGET = 13.5;
				LD_RUNPATH_SEARCH_PATHS = (
					"$(inherited)",
					"@executable_path/Frameworks",
					"@loader_path/Frameworks",
				);
				PRODUCT_BUNDLE_IDENTIFIER = com.vivatum.WordsAsTagLabelsTests;
				PRODUCT_NAME = "$(TARGET_NAME)";
				SWIFT_VERSION = 5.0;
				TARGETED_DEVICE_FAMILY = "1,2";
				TEST_HOST = "$(BUILT_PRODUCTS_DIR)/WordsAsTagLabels.app/WordsAsTagLabels";
			};
			name = Release;
		};
		5AA7D91C248983B4001C76CA /* Debug */ = {
			isa = XCBuildConfiguration;
			buildSettings = {
				ALWAYS_EMBED_SWIFT_STANDARD_LIBRARIES = YES;
				CODE_SIGN_STYLE = Automatic;
				DEVELOPMENT_TEAM = 3343F38GWV;
				INFOPLIST_FILE = WordsAsTagLabelsUITests/Info.plist;
				LD_RUNPATH_SEARCH_PATHS = (
					"$(inherited)",
					"@executable_path/Frameworks",
					"@loader_path/Frameworks",
				);
				PRODUCT_BUNDLE_IDENTIFIER = com.vivatum.WordsAsTagLabelsUITests;
				PRODUCT_NAME = "$(TARGET_NAME)";
				SWIFT_VERSION = 5.0;
				TARGETED_DEVICE_FAMILY = "1,2";
				TEST_TARGET_NAME = WordsAsTagLabels;
			};
			name = Debug;
		};
		5AA7D91D248983B4001C76CA /* Release */ = {
			isa = XCBuildConfiguration;
			buildSettings = {
				ALWAYS_EMBED_SWIFT_STANDARD_LIBRARIES = YES;
				CODE_SIGN_STYLE = Automatic;
				DEVELOPMENT_TEAM = 3343F38GWV;
				INFOPLIST_FILE = WordsAsTagLabelsUITests/Info.plist;
				LD_RUNPATH_SEARCH_PATHS = (
					"$(inherited)",
					"@executable_path/Frameworks",
					"@loader_path/Frameworks",
				);
				PRODUCT_BUNDLE_IDENTIFIER = com.vivatum.WordsAsTagLabelsUITests;
				PRODUCT_NAME = "$(TARGET_NAME)";
				SWIFT_VERSION = 5.0;
				TARGETED_DEVICE_FAMILY = "1,2";
				TEST_TARGET_NAME = WordsAsTagLabels;
			};
			name = Release;
		};
/* End XCBuildConfiguration section */

/* Begin XCConfigurationList section */
		5AA7D8E6248983B2001C76CA /* Build configuration list for PBXProject "WordsAsTagLabels" */ = {
			isa = XCConfigurationList;
			buildConfigurations = (
				5AA7D913248983B4001C76CA /* Debug */,
				5AA7D914248983B4001C76CA /* Release */,
			);
			defaultConfigurationIsVisible = 0;
			defaultConfigurationName = Release;
		};
		5AA7D915248983B4001C76CA /* Build configuration list for PBXNativeTarget "WordsAsTagLabels" */ = {
			isa = XCConfigurationList;
			buildConfigurations = (
				5AA7D916248983B4001C76CA /* Debug */,
				5AA7D917248983B4001C76CA /* Release */,
			);
			defaultConfigurationIsVisible = 0;
			defaultConfigurationName = Release;
		};
		5AA7D918248983B4001C76CA /* Build configuration list for PBXNativeTarget "WordsAsTagLabelsTests" */ = {
			isa = XCConfigurationList;
			buildConfigurations = (
				5AA7D919248983B4001C76CA /* Debug */,
				5AA7D91A248983B4001C76CA /* Release */,
			);
			defaultConfigurationIsVisible = 0;
			defaultConfigurationName = Release;
		};
		5AA7D91B248983B4001C76CA /* Build configuration list for PBXNativeTarget "WordsAsTagLabelsUITests" */ = {
			isa = XCConfigurationList;
			buildConfigurations = (
				5AA7D91C248983B4001C76CA /* Debug */,
				5AA7D91D248983B4001C76CA /* Release */,
			);
			defaultConfigurationIsVisible = 0;
			defaultConfigurationName = Release;
		};
/* End XCConfigurationList section */
	};
	rootObject = 5AA7D8E3248983B2001C76CA /* Project object */;
}
